
Microsoft Visual Studio Solution File, Format Version 12.00
# Visual Studio Version 16
VisualStudioVersion = 16.0.28922.388
MinimumVisualStudioVersion = 10.0.40219.1
Project("{FAE04EC0-301F-11D3-BF4B-00C04F79EFBC}") = "Mvc_Imagem", "Mvc_Imagem\Mvc_Imagem.csproj", "{3336B9AA-2D07-42B6-AB3F-921591C06B81}"
EndProject
Global
	GlobalSection(SolutionConfigurationPlatforms) = preSolution
		Debug|Any CPU = Debug|Any CPU
		Release|Any CPU = Release|Any CPU
	EndGlobalSection
	GlobalSection(ProjectConfigurationPlatforms) = postSolution
		{3336B9AA-2D07-42B6-AB3F-921591C06B81}.Debug|Any CPU.ActiveCfg = Debug|Any CPU
		{3336B9AA-2D07-42B6-AB3F-921591C06B81}.Debug|Any CPU.Build.0 = Debug|Any CPU
		{3336B9AA-2D07-42B6-AB3F-921591C06B81}.Release|Any CPU.ActiveCfg = Release|Any CPU
		{3336B9AA-2D07-42B6-AB3F-921591C06B81}.Release|Any CPU.Build.0 = Release|Any CPU
	EndGlobalSection
	GlobalSection(SolutionProperties) = preSolution
		HideSolutionNode = FALSE
	EndGlobalSection
	GlobalSection(ExtensibilityGlobals) = postSolution
		SolutionGuid = {6B7E2960-41E7-4CD1-9E80-AA7A27C20C85}
	EndGlobalSection
EndGlobal
